
Microsoft Visual Studio Solution File, Format Version 12.00
# Visual Studio Version 17
VisualStudioVersion = 17.2.32616.157
MinimumVisualStudioVersion = 10.0.40219.1
Project("{FAE04EC0-301F-11D3-BF4B-00C04F79EFBC}") = "OpenClosedPrinciple", "OpenClosedPrinciple\OpenClosedPrinciple.csproj", "{F6F401DE-1F25-4A5E-AC74-2475D58D3C69}"
EndProject
Project("{FAE04EC0-301F-11D3-BF4B-00C04F79EFBC}") = "SingleResponsibility", "SingleResponsibility\SingleResponsibility.csproj", "{09F4F689-4176-4A22-BD8D-0BC83F178417}"
EndProject
Project("{FAE04EC0-301F-11D3-BF4B-00C04F79EFBC}") = "LiskovSubstitution", "LiskovSubstitution\LiskovSubstitution.csproj", "{0535CA3C-2C85-4EB7-9119-64D420133490}"
EndProject
Global
	GlobalSection(SolutionConfigurationPlatforms) = preSolution
		Debug|Any CPU = Debug|Any CPU
		Release|Any CPU = Release|Any CPU
	EndGlobalSection
	GlobalSection(ProjectConfigurationPlatforms) = postSolution
		{F6F401DE-1F25-4A5E-AC74-2475D58D3C69}.Debug|Any CPU.ActiveCfg = Debug|Any CPU
		{F6F401DE-1F25-4A5E-AC74-2475D58D3C69}.Debug|Any CPU.Build.0 = Debug|Any CPU
		{F6F401DE-1F25-4A5E-AC74-2475D58D3C69}.Release|Any CPU.ActiveCfg = Release|Any CPU
		{F6F401DE-1F25-4A5E-AC74-2475D58D3C69}.Release|Any CPU.Build.0 = Release|Any CPU
		{09F4F689-4176-4A22-BD8D-0BC83F178417}.Debug|Any CPU.ActiveCfg = Debug|Any CPU
		{09F4F689-4176-4A22-BD8D-0BC83F178417}.Debug|Any CPU.Build.0 = Debug|Any CPU
		{09F4F689-4176-4A22-BD8D-0BC83F178417}.Release|Any CPU.ActiveCfg = Release|Any CPU
		{09F4F689-4176-4A22-BD8D-0BC83F178417}.Release|Any CPU.Build.0 = Release|Any CPU
		{0535CA3C-2C85-4EB7-9119-64D420133490}.Debug|Any CPU.ActiveCfg = Debug|Any CPU
		{0535CA3C-2C85-4EB7-9119-64D420133490}.Debug|Any CPU.Build.0 = Debug|Any CPU
		{0535CA3C-2C85-4EB7-9119-64D420133490}.Release|Any CPU.ActiveCfg = Release|Any CPU
		{0535CA3C-2C85-4EB7-9119-64D420133490}.Release|Any CPU.Build.0 = Release|Any CPU
	EndGlobalSection
	GlobalSection(SolutionProperties) = preSolution
		HideSolutionNode = FALSE
	EndGlobalSection
	GlobalSection(ExtensibilityGlobals) = postSolution
		SolutionGuid = {599469AC-53F6-4999-938C-FC0BAFBFB824}
	EndGlobalSection
EndGlobal
